
Microsoft Visual Studio Solution File, Format Version 12.00
# Visual Studio 15
VisualStudioVersion = 15.0.28307.852
MinimumVisualStudioVersion = 10.0.40219.1
Project("{2150E333-8FDC-42A3-9474-1A3956D46DE8}") = "Solution Items", "Solution Items", "{C77CDF41-BA8C-4301-81AF-CB9AC4F21698}"
	ProjectSection(SolutionItems) = preProject
		LICENSE.txt = LICENSE.txt
	EndProjectSection
EndProject
Project("{9A19103F-16F7-4668-BE54-9A1E7A4F7556}") = "Sara.LogReader.Common", "Sara.LogReader.Common\Sara.LogReader.Common.csproj", "{34E4D7FF-98EC-44C6-8EDD-D3F592B84088}"
EndProject
Project("{FAE04EC0-301F-11D3-BF4B-00C04F79EFBC}") = "Sara.LogReader.Model", "Sara.LogReader.Model\Sara.LogReader.Model.csproj", "{5E1EE99C-55F1-4C14-B585-57039E875187}"
EndProject
Project("{FAE04EC0-301F-11D3-BF4B-00C04F79EFBC}") = "Sara.LogReader.Service", "Sara.LogReader.Service\Sara.LogReader.Service.csproj", "{F398FCA4-01C6-4733-AB5A-7F6697E24227}"
EndProject
Project("{FAE04EC0-301F-11D3-BF4B-00C04F79EFBC}") = "Sara.LogReader.WinForm", "Sara.LogReader.WinForm\Sara.LogReader.WinForm.csproj", "{E91D27C6-D805-43D6-8ACE-E27D8F5B89AB}"
EndProject
Global
	GlobalSection(SolutionConfigurationPlatforms) = preSolution
		Debug|Any CPU = Debug|Any CPU
		Release|Any CPU = Release|Any CPU
	EndGlobalSection
	GlobalSection(ProjectConfigurationPlatforms) = postSolution
		{34E4D7FF-98EC-44C6-8EDD-D3F592B84088}.Debug|Any CPU.ActiveCfg = Debug|Any CPU
		{34E4D7FF-98EC-44C6-8EDD-D3F592B84088}.Debug|Any CPU.Build.0 = Debug|Any CPU
		{34E4D7FF-98EC-44C6-8EDD-D3F592B84088}.Release|Any CPU.ActiveCfg = Release|Any CPU
		{34E4D7FF-98EC-44C6-8EDD-D3F592B84088}.Release|Any CPU.Build.0 = Release|Any CPU
		{5E1EE99C-55F1-4C14-B585-57039E875187}.Debug|Any CPU.ActiveCfg = Debug|Any CPU
		{5E1EE99C-55F1-4C14-B585-57039E875187}.Debug|Any CPU.Build.0 = Debug|Any CPU
		{5E1EE99C-55F1-4C14-B585-57039E875187}.Release|Any CPU.ActiveCfg = Release|Any CPU
		{5E1EE99C-55F1-4C14-B585-57039E875187}.Release|Any CPU.Build.0 = Release|Any CPU
		{F398FCA4-01C6-4733-AB5A-7F6697E24227}.Debug|Any CPU.ActiveCfg = Debug|Any CPU
		{F398FCA4-01C6-4733-AB5A-7F6697E24227}.Debug|Any CPU.Build.0 = Debug|Any CPU
		{F398FCA4-01C6-4733-AB5A-7F6697E24227}.Release|Any CPU.ActiveCfg = Release|Any CPU
		{F398FCA4-01C6-4733-AB5A-7F6697E24227}.Release|Any CPU.Build.0 = Release|Any CPU
		{E91D27C6-D805-43D6-8ACE-E27D8F5B89AB}.Debug|Any CPU.ActiveCfg = Debug|Any CPU
		{E91D27C6-D805-43D6-8ACE-E27D8F5B89AB}.Debug|Any CPU.Build.0 = Debug|Any CPU
		{E91D27C6-D805-43D6-8ACE-E27D8F5B89AB}.Release|Any CPU.ActiveCfg = Release|Any CPU
		{E91D27C6-D805-43D6-8ACE-E27D8F5B89AB}.Release|Any CPU.Build.0 = Release|Any CPU
	EndGlobalSection
	GlobalSection(SolutionProperties) = preSolution
		HideSolutionNode = FALSE
	EndGlobalSection
	GlobalSection(ExtensibilityGlobals) = postSolution
		SolutionGuid = {4126E502-ED84-4852-B5FB-78BB571DD83B}
	EndGlobalSection
EndGlobal
